github.com/artonge/go-csv-tag/v2 v2.0.6 h1:GettkxbiBJoV6BsjwZDg83Mb7s47VU+uQK7dJKK8mis=
github.com/artonge/go-csv-tag/v2 v2.0.6/go.mod h1:MhLKePA0uu/+2jUJ4IER31uhRV/0GsIKyrSqSRR7Mkc=
github.com/artonge/go-gtfs v1.1.0 h1:Uu6LBzKhNr2texFGP7YO4wwmj7oMdPNV5E/5jSpP3Dw=
github.com/artonge/go-gtfs v1.1.0/go.mod h1:lPXo0d5HjiLSulbxhBErJZoJTVgrwi79PcyAFqTqup4=
